
Microsoft Visual Studio Solution File, Format Version 12.00
# Visual Studio 2012
Project("{f2a71f9b-5d33-465a-a702-920d77279786}") = "MiniKanren", "MiniKanren\MiniKanren.fsproj", "44BCCD75-9B6E-4A5C-9B88-E58F0D92C17F"
EndProject
Global
	GlobalSection(SolutionConfigurationPlatforms) = preSolution
		Debug|Any CPU = Debug|Any CPU
		Release|Any CPU = Release|Any CPU
	EndGlobalSection
	GlobalSection(ProjectConfigurationPlatforms) = postSolution
		{44BCCD75-9B6E-4A5C-9B88-E58F0D92C17F}.Debug|Any CPU.ActiveCfg = Debug|Any CPU
		{44BCCD75-9B6E-4A5C-9B88-E58F0D92C17F}.Debug|Any CPU.Build.0 = Debug|Any CPU
		{44BCCD75-9B6E-4A5C-9B88-E58F0D92C17F}.Release|Any CPU.ActiveCfg = Release|Any CPU
		{44BCCD75-9B6E-4A5C-9B88-E58F0D92C17F}.Release|Any CPU.Build.0 = Release|Any CPU
	EndGlobalSection
	GlobalSection(MonoDevelopProperties) = preSolution
		StartupItem = MiniKanren\MiniKanren.fsproj
	EndGlobalSection
	GlobalSection(SolutionProperties) = preSolution
		HideSolutionNode = FALSE
	EndGlobalSection
EndGlobal
